
Microsoft Visual Studio Solution File, Format Version 12.00
# Visual Studio Version 17
VisualStudioVersion = 17.4.33103.184
MinimumVisualStudioVersion = 10.0.40219.1
Project("{FAE04EC0-301F-11D3-BF4B-00C04F79EFBC}") = "Memento", "Memento\Memento.csproj", "{9A3F9F6E-BA68-4AF4-A100-29B3AC0E80E0}"
EndProject
Project("{FAE04EC0-301F-11D3-BF4B-00C04F79EFBC}") = "Observer", "Observer\Observer.csproj", "{A9226443-0AD3-427D-8B7D-76FB8B2C49A5}"
EndProject
Project("{FAE04EC0-301F-11D3-BF4B-00C04F79EFBC}") = "State", "State\State.csproj", "{32B86938-4879-460C-AE2C-F783838C0059}"
EndProject
Global
	GlobalSection(SolutionConfigurationPlatforms) = preSolution
		Debug|Any CPU = Debug|Any CPU
		Release|Any CPU = Release|Any CPU
	EndGlobalSection
	GlobalSection(ProjectConfigurationPlatforms) = postSolution
		{9A3F9F6E-BA68-4AF4-A100-29B3AC0E80E0}.Debug|Any CPU.ActiveCfg = Debug|Any CPU
		{9A3F9F6E-BA68-4AF4-A100-29B3AC0E80E0}.Debug|Any CPU.Build.0 = Debug|Any CPU
		{9A3F9F6E-BA68-4AF4-A100-29B3AC0E80E0}.Release|Any CPU.ActiveCfg = Release|Any CPU
		{9A3F9F6E-BA68-4AF4-A100-29B3AC0E80E0}.Release|Any CPU.Build.0 = Release|Any CPU
		{A9226443-0AD3-427D-8B7D-76FB8B2C49A5}.Debug|Any CPU.ActiveCfg = Debug|Any CPU
		{A9226443-0AD3-427D-8B7D-76FB8B2C49A5}.Debug|Any CPU.Build.0 = Debug|Any CPU
		{A9226443-0AD3-427D-8B7D-76FB8B2C49A5}.Release|Any CPU.ActiveCfg = Release|Any CPU
		{A9226443-0AD3-427D-8B7D-76FB8B2C49A5}.Release|Any CPU.Build.0 = Release|Any CPU
		{32B86938-4879-460C-AE2C-F783838C0059}.Debug|Any CPU.ActiveCfg = Debug|Any CPU
		{32B86938-4879-460C-AE2C-F783838C0059}.Debug|Any CPU.Build.0 = Debug|Any CPU
		{32B86938-4879-460C-AE2C-F783838C0059}.Release|Any CPU.ActiveCfg = Release|Any CPU
		{32B86938-4879-460C-AE2C-F783838C0059}.Release|Any CPU.Build.0 = Release|Any CPU
	EndGlobalSection
	GlobalSection(SolutionProperties) = preSolution
		HideSolutionNode = FALSE
	EndGlobalSection
	GlobalSection(ExtensibilityGlobals) = postSolution
		SolutionGuid = {2AD3D171-7C56-4357-A6B2-A05FDF881BAA}
	EndGlobalSection
EndGlobal
